github.com/ctx42/convert v0.8.1 h1:FPF9YOp5clEfzUm7kho0oO6BebprKECVF621zQMlhZc=
github.com/ctx42/convert v0.8.1/go.mod h1:Oz99LM3ZYYoCItvU4liVc14i6a3TBYOhVylLGj1eoNc=
github.com/ctx42/convert v0.8.2 h1:vIEq8E7ewMPkGTbs2kTStdRSPDoqhrWd6/DT/mLB30E=
github.com/ctx42/convert v0.8.2/go.mod h1:ewxjf1P9HxVpBKDOyMpHj8Z6Z1PpbOOgNaRxQnYwjv8=
github.com/ctx42/jsontype v0.6.0 h1:60poBSrVdHrHwDOAFwFuyPeFuhlbAvGpe8imE+/531I=
github.com/ctx42/jsontype v0.6.0/go.mod h1:V1Aj4CbmQXr+krH3ZxcR30/vKwk7/guKcf+jr9GqRsg=
github.com/ctx42/jsontype v0.6.1 h1:dGP5UBFqZ3Bx+L6RiNVLDzc1l8kWMpUg+j9/jkB/yy0=
github.com/ctx42/jsontype v0.6.1/go.mod h1:J1iQi2Kk8HWwjTs01s+Mai+q5ai+PM/w3zhFHQ1DGwU=
github.com/ctx42/jsontype v0.6.2 h1:ukNRh3Lc444ez/G1MhWH5GAL3vV8hEeEj2XEzCLxs8Q=
github.com/ctx42/jsontype v0.6.2/go.mod h1:CFsBHQ1rWMLW6bbRQhyu508QnQu4Wh7SLSu466wbUbY=
github.com/ctx42/mirror v0.3.1 h1:91h0E7BhA9rnw45laxqTfK5wHPAxIe6ZhtqP3twi17I=
github.com/ctx42/mirror v0.3.1/go.mod h1:EaA57lNX2JBRRcTviyH9yx+1ldM9AjqCYwkZYg/UMu0=
github.com/ctx42/mirror v0.3.2 h1:yM5G7yQsT5ptNN91ZU4bmPTXrAbJeC4gtjFJxLkfL1s=
github.com/ctx42/mirror v0.3.2/go.mod h1:Mgt3pgBJlNJLrdsJe9WtIFLqIvy+JupBk5GerkntLFQ=
github.com/ctx42/testing v0.44.0 h1:2qQvcRXdK5cmpo2nFnkuAs+UXqMaqAsOtSGFYUmUF9o=
github.com/ctx42/testing v0.44.0/go.mod h1:VHcxY4uhZQ8Lewevgmc9WHjJQc9CopJm9IAOTK5XbaM=
github.com/ctx42/testing v0.45.0 h1:DaBzFohydEY0RaeM09NMqij86Cf3PLmh6Ze8/MAOcMg=
github.com/ctx42/testing v0.45.0/go.mod h1:VHcxY4uhZQ8Lewevgmc9WHjJQc9CopJm9IAOTK5XbaM=
github.com/ctx42/testing v0.46.0 h1:MgmuHhRjt2Hm8lb9lrKHsiWNi9fz18CljrKQ7/b8G5M=
github.com/ctx42/testing v0.46.0/go.mod h1:VHcxY4uhZQ8Lewevgmc9WHjJQc9CopJm9IAOTK5XbaM=
github.com/ctx42/xrr v0.5.1 h1:BearTxZRUtkx/3yTTFNHBpbDMpBki8IHncqJlGPZYwg=
github.com/ctx42/xrr v0.5.1/go.mod h1:pPC0T3JqmFVTYWeKznXjvIqvF9QQlAOLytZ7jPVl9L8=
github.com/ctx42/xrr v0.6.0 h1:FXnu4wbLlnj3sJWJf8FtEGV+EMJAk8q37xTau1sQEAY=
github.com/ctx42/xrr v0.6.0/go.mod h1:oIAw0GZVh7BSsd68U3tflIhUQiEjjsJnBRLvt3FIraE=
github.com/ctx42/xrr v0.7.0 h1:SDSMe4mHai5Dj5H4TI2CVs5rt0F8bp4gpaoN0JcGtb0=
github.com/ctx42/xrr v0.7.0/go.mod h1:oIAw0GZVh7BSsd68U3tflIhUQiEjjsJnBRLvt3FIraE=
github.com/ctx42/xrr v0.8.0 h1:vOMcyBEoPgNHYFxEXAW/UAwALJvtPDzDQHkqyumvyK0=
github.com/ctx42/xrr v0.8.0/go.mod h1:oIAw0GZVh7BSsd68U3tflIhUQiEjjsJnBRLvt3FIraE=
github.com/ctx42/xrr v0.9.0 h1:EgoeuFZtnoXiBt1ZVTzjfoV1cKUPBXYIBmPgMxpoklY=
github.com/ctx42/xrr v0.9.0/go.mod h1:oIAw0GZVh7BSsd68U3tflIhUQiEjjsJnBRLvt3FIraE=
github.com/ctx42/xrr v0.10.0 h1:jcicl2DJEmQ6E/TQ+ARqOVfj3rLyEzA/ZsziPMj6eGQ=
github.com/ctx42/xrr v0.10.0/go.mod h1:oIAw0GZVh7BSsd68U3tflIhUQiEjjsJnBRLvt3FIraE=
github.com/ctx42/xrr v0.11.1 h1:XH2ZFOqtVFDZTndCgqZXU53ZG6OfkIpNk3+PWifKbW0=
github.com/ctx42/xrr v0.11.1/go.mod h1:ft99LwuYC3YD7jHI/+oEhoBaPRcv1NlUH8US6W/vs/k=
